Microsoft Visual Studio Solution File, Format Version 10.00
# Visual Studio 2008
Project("{8BC9CEB8-8B4A-11D0-8D11-00A0C91BC942}") = "ALL_BUILD", ".\ALL_BUILD.vcproj", "{EA2EF76E-AEBC-4560-B679-CF8382E94D01}"
	ProjectSection(ProjectDependencies) = postProject
		{C0A3E46A-7970-4B81-B7B8-088DD03A4F68} = {C0A3E46A-7970-4B81-B7B8-088DD03A4F68}
		{AD548B00-1662-4C89-BB14-E1CABB702ECD} = {AD548B00-1662-4C89-BB14-E1CABB702ECD}
		{792DECA6-24F2-42A8-B32B-DEA80082AD35} = {792DECA6-24F2-42A8-B32B-DEA80082AD35}
		{85DC475D-88B7-49E5-A5AB-664EF3485258} = {85DC475D-88B7-49E5-A5AB-664EF3485258}
		{48FBC609-CE7A-4EA8-AECC-8752736ED1D5} = {48FBC609-CE7A-4EA8-AECC-8752736ED1D5}
		{67987E65-B4A0-4F0F-BCF4-6F5ACB6F0C45} = {67987E65-B4A0-4F0F-BCF4-6F5ACB6F0C45}
		{55491E5F-0E8A-460F-B0CC-E6067A8DFCDB} = {55491E5F-0E8A-460F-B0CC-E6067A8DFCDB}
		{C3BA5645-DAA7-4C0E-A9F7-073014F58E53} = {C3BA5645-DAA7-4C0E-A9F7-073014F58E53}
		{D57BDFD4-37D4-426C-B784-2F66D4CF7999} = {D57BDFD4-37D4-426C-B784-2F66D4CF7999}
		{24997F07-3E33-4DDA-8E4C-D50AD82E42C2} = {24997F07-3E33-4DDA-8E4C-D50AD82E42C2}
		{5C349621-1EF3-4D2F-ADA0-56596409EFFF} = {5C349621-1EF3-4D2F-ADA0-56596409EFFF}
		{4A580962-A0C6-4008-B0EA-9DCA693A44B7} = {4A580962-A0C6-4008-B0EA-9DCA693A44B7}
		{3D6DC6DD-B4F5-499F-B2D1-9368B6B91911} = {3D6DC6DD-B4F5-499F-B2D1-9368B6B91911}
		{33FF23EA-6F8A-4664-B5BC-B94B90CE2702} = {33FF23EA-6F8A-4664-B5BC-B94B90CE2702}
		{2250DBDB-1F33-47E8-A228-034B79748407} = {2250DBDB-1F33-47E8-A228-034B79748407}
		{636DCE08-B2FB-41B9-B842-9A53069B79DD} = {636DCE08-B2FB-41B9-B842-9A53069B79DD}
		{1CECC1A4-2C22-4EE5-8562-C3AACD5351D3} = {1CECC1A4-2C22-4EE5-8562-C3AACD5351D3}
		{0791C7D1-F5F7-4EF8-8129-33056B406B2B} = {0791C7D1-F5F7-4EF8-8129-33056B406B2B}
		{607CE31C-8C00-4F85-B619-9566A5AC22F0} = {607CE31C-8C00-4F85-B619-9566A5AC22F0}
		{0FD3D034-5CFB-45DA-AB3B-13F9B852887C} = {0FD3D034-5CFB-45DA-AB3B-13F9B852887C}
		{E26BFB9A-B42B-4058-8392-BB1DA72527A1} = {E26BFB9A-B42B-4058-8392-BB1DA72527A1}
		{CDCB8A11-E6B5-4322-A0AC-C9DCF28ABEEC} = {CDCB8A11-E6B5-4322-A0AC-C9DCF28ABEEC}
		{8F4FBAA8-A2E3-4374-9F97-795E76F404FC} = {8F4FBAA8-A2E3-4374-9F97-795E76F404FC}
		{FCFCD8E2-0642-4A04-B22C-D52C42855E13} = {FCFCD8E2-0642-4A04-B22C-D52C42855E13}
		{189F0F0E-A9EA-4310-8352-F0D3481741DF} = {189F0F0E-A9EA-4310-8352-F0D3481741DF}
		{5DC98BFC-4DE7-48B3-9B9D-0AE129CEBF2F} = {5DC98BFC-4DE7-48B3-9B9D-0AE129CEBF2F}
		{9780D537-C68B-4885-8921-8A4532C60D35} = {9780D537-C68B-4885-8921-8A4532C60D35}
		{F56A3565-2DA9-4847-8DA5-97712FE7077B} = {F56A3565-2DA9-4847-8DA5-97712FE7077B}
		{B0E968F2-D6B2-4017-8883-79456B50DE75} = {B0E968F2-D6B2-4017-8883-79456B50DE75}
		{C39C224D-5B27-4EAF-9AA2-77E958FCBB1E} = {C39C224D-5B27-4EAF-9AA2-77E958FCBB1E}
		{D422053B-AECD-490E-A0D5-82A243429279} = {D422053B-AECD-490E-A0D5-82A243429279}
		{1D8BF4E6-EF27-49BE-9C75-27938E5151D1} = {1D8BF4E6-EF27-49BE-9C75-27938E5151D1}
		{BD071FFE-1B54-4719-AB5D-33410B6D5E27} = {BD071FFE-1B54-4719-AB5D-33410B6D5E27}
		{4238E5AA-E3B7-415B-8339-6C6CD588DF42} = {4238E5AA-E3B7-415B-8339-6C6CD588DF42}
		{F4E26EFC-A5E0-49B0-8224-782C7C26E05D} = {F4E26EFC-A5E0-49B0-8224-782C7C26E05D}
		{2E839F4D-1063-4EDC-9213-13961543CE70} = {2E839F4D-1063-4EDC-9213-13961543CE70}
		{F02FCE05-347F-427B-B4EC-F7B7DE3A890A} = {F02FCE05-347F-427B-B4EC-F7B7DE3A890A}
		{1473155D-2E56-440D-9A36-5AEB6636B305} = {1473155D-2E56-440D-9A36-5AEB6636B305}
		{0926D37E-00EA-46CC-AA53-F5050268F4B8} = {0926D37E-00EA-46CC-AA53-F5050268F4B8}
		{2303B5C8-4995-4152-AAAA-F1CAF3CB72A8} = {2303B5C8-4995-4152-AAAA-F1CAF3CB72A8}
		{C066C48A-8FCA-4078-BDB3-F76F84823088} = {C066C48A-8FCA-4078-BDB3-F76F84823088}
	EndProjectSection
EndProject
Project("{8BC9CEB8-8B4A-11D0-8D11-00A0C91BC942}") = "AddressModes", ".\AddressModes.vcproj", "{C0A3E46A-7970-4B81-B7B8-088DD03A4F68}"
	ProjectSection(ProjectDependencies) = postProject
		{F4E26EFC-A5E0-49B0-8224-782C7C26E05D} = {F4E26EFC-A5E0-49B0-8224-782C7C26E05D}
	EndProjectSection
EndProject
Project("{8BC9CEB8-8B4A-11D0-8D11-00A0C91BC942}") = "BoundingVolumes", ".\BoundingVolumes.vcproj", "{AD548B00-1662-4C89-BB14-E1CABB702ECD}"
	ProjectSection(ProjectDependencies) = postProject
		{F4E26EFC-A5E0-49B0-8224-782C7C26E05D} = {F4E26EFC-A5E0-49B0-8224-782C7C26E05D}
	EndProjectSection
EndProject
Project("{8BC9CEB8-8B4A-11D0-8D11-00A0C91BC942}") = "CFont", ".\CFont.vcproj", "{792DECA6-24F2-42A8-B32B-DEA80082AD35}"
	ProjectSection(ProjectDependencies) = postProject
		{F4E26EFC-A5E0-49B0-8224-782C7C26E05D} = {F4E26EFC-A5E0-49B0-8224-782C7C26E05D}
	EndProjectSection
EndProject
Project("{8BC9CEB8-8B4A-11D0-8D11-00A0C91BC942}") = "Camera", ".\Camera.vcproj", "{85DC475D-88B7-49E5-A5AB-664EF3485258}"
	ProjectSection(ProjectDependencies) = postProject
		{F4E26EFC-A5E0-49B0-8224-782C7C26E05D} = {F4E26EFC-A5E0-49B0-8224-782C7C26E05D}
	EndProjectSection
EndProject
Project("{8BC9CEB8-8B4A-11D0-8D11-00A0C91BC942}") = "CartoonEffect", ".\CartoonEffect.vcproj", "{48FBC609-CE7A-4EA8-AECC-8752736ED1D5}"
	ProjectSection(ProjectDependencies) = postProject
		{F4E26EFC-A5E0-49B0-8224-782C7C26E05D} = {F4E26EFC-A5E0-49B0-8224-782C7C26E05D}
	EndProjectSection
EndProject
Project("{8BC9CEB8-8B4A-11D0-8D11-00A0C91BC942}") = "ColoreTriangle", ".\ColoreTriangle.vcproj", "{67987E65-B4A0-4F0F-BCF4-6F5ACB6F0C45}"
	ProjectSection(ProjectDependencies) = postProject
		{F4E26EFC-A5E0-49B0-8224-782C7C26E05D} = {F4E26EFC-A5E0-49B0-8224-782C7C26E05D}
	EndProjectSection
EndProject
Project("{8BC9CEB8-8B4A-11D0-8D11-00A0C91BC942}") = "Cube", ".\Cube.vcproj", "{55491E5F-0E8A-460F-B0CC-E6067A8DFCDB}"
	ProjectSection(ProjectDependencies) = postProject
		{F4E26EFC-A5E0-49B0-8224-782C7C26E05D} = {F4E26EFC-A5E0-49B0-8224-782C7C26E05D}
	EndProjectSection
EndProject
Project("{8BC9CEB8-8B4A-11D0-8D11-00A0C91BC942}") = "D3D9Init", ".\D3D9Init.vcproj", "{C3BA5645-DAA7-4C0E-A9F7-073014F58E53}"
	ProjectSection(ProjectDependencies) = postProject
		{F4E26EFC-A5E0-49B0-8224-782C7C26E05D} = {F4E26EFC-A5E0-49B0-8224-782C7C26E05D}
	EndProjectSection
EndProject
Project("{8BC9CEB8-8B4A-11D0-8D11-00A0C91BC942}") = "D3DXCreate", ".\D3DXCreate.vcproj", "{D57BDFD4-37D4-426C-B784-2F66D4CF7999}"
	ProjectSection(ProjectDependencies) = postProject
		{F4E26EFC-A5E0-49B0-8224-782C7C26E05D} = {F4E26EFC-A5E0-49B0-8224-782C7C26E05D}
	EndProjectSection
EndProject
Project("{8BC9CEB8-8B4A-11D0-8D11-00A0C91BC942}") = "D3DXCreateMeshFVF", ".\D3DXCreateMeshFVF.vcproj", "{24997F07-3E33-4DDA-8E4C-D50AD82E42C2}"
	ProjectSection(ProjectDependencies) = postProject
		{F4E26EFC-A5E0-49B0-8224-782C7C26E05D} = {F4E26EFC-A5E0-49B0-8224-782C7C26E05D}
	EndProjectSection
EndProject
Project("{8BC9CEB8-8B4A-11D0-8D11-00A0C91BC942}") = "D3DXCreateText", ".\D3DXCreateText.vcproj", "{5C349621-1EF3-4D2F-ADA0-56596409EFFF}"
	ProjectSection(ProjectDependencies) = postProject
		{F4E26EFC-A5E0-49B0-8224-782C7C26E05D} = {F4E26EFC-A5E0-49B0-8224-782C7C26E05D}
	EndProjectSection
EndProject
Project("{8BC9CEB8-8B4A-11D0-8D11-00A0C91BC942}") = "FireworkSystem", ".\FireworkSystem.vcproj", "{4A580962-A0C6-4008-B0EA-9DCA693A44B7}"
	ProjectSection(ProjectDependencies) = postProject
		{F4E26EFC-A5E0-49B0-8224-782C7C26E05D} = {F4E26EFC-A5E0-49B0-8224-782C7C26E05D}
	EndProjectSection
EndProject
Project("{8BC9CEB8-8B4A-11D0-8D11-00A0C91BC942}") = "FogEffect", ".\FogEffect.vcproj", "{3D6DC6DD-B4F5-499F-B2D1-9368B6B91911}"
	ProjectSection(ProjectDependencies) = postProject
		{F4E26EFC-A5E0-49B0-8224-782C7C26E05D} = {F4E26EFC-A5E0-49B0-8224-782C7C26E05D}
	EndProjectSection
EndProject
Project("{8BC9CEB8-8B4A-11D0-8D11-00A0C91BC942}") = "ID3DXFont", ".\ID3DXFont.vcproj", "{33FF23EA-6F8A-4664-B5BC-B94B90CE2702}"
	ProjectSection(ProjectDependencies) = postProject
		{F4E26EFC-A5E0-49B0-8224-782C7C26E05D} = {F4E26EFC-A5E0-49B0-8224-782C7C26E05D}
	EndProjectSection
EndProject
Project("{8BC9CEB8-8B4A-11D0-8D11-00A0C91BC942}") = "LaserSystem", ".\LaserSystem.vcproj", "{2250DBDB-1F33-47E8-A228-034B79748407}"
	ProjectSection(ProjectDependencies) = postProject
		{F4E26EFC-A5E0-49B0-8224-782C7C26E05D} = {F4E26EFC-A5E0-49B0-8224-782C7C26E05D}
	EndProjectSection
EndProject
Project("{8BC9CEB8-8B4A-11D0-8D11-00A0C91BC942}") = "LightingandTexturing", ".\LightingandTexturing.vcproj", "{636DCE08-B2FB-41B9-B842-9A53069B79DD}"
	ProjectSection(ProjectDependencies) = postProject
		{F4E26EFC-A5E0-49B0-8224-782C7C26E05D} = {F4E26EFC-A5E0-49B0-8224-782C7C26E05D}
	EndProjectSection
EndProject
Project("{8BC9CEB8-8B4A-11D0-8D11-00A0C91BC942}") = "MtrlAlpha", ".\MtrlAlpha.vcproj", "{1CECC1A4-2C22-4EE5-8562-C3AACD5351D3}"
	ProjectSection(ProjectDependencies) = postProject
		{F4E26EFC-A5E0-49B0-8224-782C7C26E05D} = {F4E26EFC-A5E0-49B0-8224-782C7C26E05D}
	EndProjectSection
EndProject
Project("{8BC9CEB8-8B4A-11D0-8D11-00A0C91BC942}") = "PSMultiTexture", ".\PSMultiTexture.vcproj", "{0791C7D1-F5F7-4EF8-8129-33056B406B2B}"
	ProjectSection(ProjectDependencies) = postProject
		{F4E26EFC-A5E0-49B0-8224-782C7C26E05D} = {F4E26EFC-A5E0-49B0-8224-782C7C26E05D}
	EndProjectSection
EndProject
Project("{8BC9CEB8-8B4A-11D0-8D11-00A0C91BC942}") = "Pick", ".\Pick.vcproj", "{607CE31C-8C00-4F85-B619-9566A5AC22F0}"
	ProjectSection(ProjectDependencies) = postProject
		{F4E26EFC-A5E0-49B0-8224-782C7C26E05D} = {F4E26EFC-A5E0-49B0-8224-782C7C26E05D}
	EndProjectSection
EndProject
Project("{8BC9CEB8-8B4A-11D0-8D11-00A0C91BC942}") = "ProgressiveMesh", ".\ProgressiveMesh.vcproj", "{0FD3D034-5CFB-45DA-AB3B-13F9B852887C}"
	ProjectSection(ProjectDependencies) = postProject
		{F4E26EFC-A5E0-49B0-8224-782C7C26E05D} = {F4E26EFC-A5E0-49B0-8224-782C7C26E05D}
	EndProjectSection
EndProject
Project("{8BC9CEB8-8B4A-11D0-8D11-00A0C91BC942}") = "SnowSystem", ".\SnowSystem.vcproj", "{E26BFB9A-B42B-4058-8392-BB1DA72527A1}"
	ProjectSection(ProjectDependencies) = postProject
		{F4E26EFC-A5E0-49B0-8224-782C7C26E05D} = {F4E26EFC-A5E0-49B0-8224-782C7C26E05D}
	EndProjectSection
EndProject
Project("{8BC9CEB8-8B4A-11D0-8D11-00A0C91BC942}") = "StencilMirror", ".\StencilMirror.vcproj", "{CDCB8A11-E6B5-4322-A0AC-C9DCF28ABEEC}"
	ProjectSection(ProjectDependencies) = postProject
		{F4E26EFC-A5E0-49B0-8224-782C7C26E05D} = {F4E26EFC-A5E0-49B0-8224-782C7C26E05D}
	EndProjectSection
EndProject
Project("{8BC9CEB8-8B4A-11D0-8D11-00A0C91BC942}") = "StencilMirrorShadow", ".\StencilMirrorShadow.vcproj", "{8F4FBAA8-A2E3-4374-9F97-795E76F404FC}"
	ProjectSection(ProjectDependencies) = postProject
		{F4E26EFC-A5E0-49B0-8224-782C7C26E05D} = {F4E26EFC-A5E0-49B0-8224-782C7C26E05D}
	EndProjectSection
EndProject
Project("{8BC9CEB8-8B4A-11D0-8D11-00A0C91BC942}") = "StencilShadow", ".\StencilShadow.vcproj", "{FCFCD8E2-0642-4A04-B22C-D52C42855E13}"
	ProjectSection(ProjectDependencies) = postProject
		{F4E26EFC-A5E0-49B0-8224-782C7C26E05D} = {F4E26EFC-A5E0-49B0-8224-782C7C26E05D}
	EndProjectSection
EndProject
Project("{8BC9CEB8-8B4A-11D0-8D11-00A0C91BC942}") = "Teapot", ".\Teapot.vcproj", "{189F0F0E-A9EA-4310-8352-F0D3481741DF}"
	ProjectSection(ProjectDependencies) = postProject
		{F4E26EFC-A5E0-49B0-8224-782C7C26E05D} = {F4E26EFC-A5E0-49B0-8224-782C7C26E05D}
	EndProjectSection
EndProject
Project("{8BC9CEB8-8B4A-11D0-8D11-00A0C91BC942}") = "Terrain", ".\Terrain.vcproj", "{5DC98BFC-4DE7-48B3-9B9D-0AE129CEBF2F}"
	ProjectSection(ProjectDependencies) = postProject
		{F4E26EFC-A5E0-49B0-8224-782C7C26E05D} = {F4E26EFC-A5E0-49B0-8224-782C7C26E05D}
	EndProjectSection
EndProject
Project("{8BC9CEB8-8B4A-11D0-8D11-00A0C91BC942}") = "TexCube", ".\TexCube.vcproj", "{9780D537-C68B-4885-8921-8A4532C60D35}"
	ProjectSection(ProjectDependencies) = postProject
		{F4E26EFC-A5E0-49B0-8224-782C7C26E05D} = {F4E26EFC-A5E0-49B0-8224-782C7C26E05D}
	EndProjectSection
EndProject
Project("{8BC9CEB8-8B4A-11D0-8D11-00A0C91BC942}") = "TexQuad", ".\TexQuad.vcproj", "{F56A3565-2DA9-4847-8DA5-97712FE7077B}"
	ProjectSection(ProjectDependencies) = postProject
		{F4E26EFC-A5E0-49B0-8224-782C7C26E05D} = {F4E26EFC-A5E0-49B0-8224-782C7C26E05D}
	EndProjectSection
EndProject
Project("{8BC9CEB8-8B4A-11D0-8D11-00A0C91BC942}") = "Transform", ".\Transform.vcproj", "{B0E968F2-D6B2-4017-8883-79456B50DE75}"
	ProjectSection(ProjectDependencies) = postProject
		{F4E26EFC-A5E0-49B0-8224-782C7C26E05D} = {F4E26EFC-A5E0-49B0-8224-782C7C26E05D}
	EndProjectSection
EndProject
Project("{8BC9CEB8-8B4A-11D0-8D11-00A0C91BC942}") = "Triangle", ".\Triangle.vcproj", "{C39C224D-5B27-4EAF-9AA2-77E958FCBB1E}"
	ProjectSection(ProjectDependencies) = postProject
		{F4E26EFC-A5E0-49B0-8224-782C7C26E05D} = {F4E26EFC-A5E0-49B0-8224-782C7C26E05D}
	EndProjectSection
EndProject
Project("{8BC9CEB8-8B4A-11D0-8D11-00A0C91BC942}") = "VSDiffuseLighting", ".\VSDiffuseLighting.vcproj", "{D422053B-AECD-490E-A0D5-82A243429279}"
	ProjectSection(ProjectDependencies) = postProject
		{F4E26EFC-A5E0-49B0-8224-782C7C26E05D} = {F4E26EFC-A5E0-49B0-8224-782C7C26E05D}
	EndProjectSection
EndProject
Project("{8BC9CEB8-8B4A-11D0-8D11-00A0C91BC942}") = "VSToon1NoOutlines", ".\VSToon1NoOutlines.vcproj", "{1D8BF4E6-EF27-49BE-9C75-27938E5151D1}"
	ProjectSection(ProjectDependencies) = postProject
		{F4E26EFC-A5E0-49B0-8224-782C7C26E05D} = {F4E26EFC-A5E0-49B0-8224-782C7C26E05D}
	EndProjectSection
EndProject
Project("{8BC9CEB8-8B4A-11D0-8D11-00A0C91BC942}") = "VSToon2WithOutlines", ".\VSToon2WithOutlines.vcproj", "{BD071FFE-1B54-4719-AB5D-33410B6D5E27}"
	ProjectSection(ProjectDependencies) = postProject
		{F4E26EFC-A5E0-49B0-8224-782C7C26E05D} = {F4E26EFC-A5E0-49B0-8224-782C7C26E05D}
	EndProjectSection
EndProject
Project("{8BC9CEB8-8B4A-11D0-8D11-00A0C91BC942}") = "XFile", ".\XFile.vcproj", "{4238E5AA-E3B7-415B-8339-6C6CD588DF42}"
	ProjectSection(ProjectDependencies) = postProject
		{F4E26EFC-A5E0-49B0-8224-782C7C26E05D} = {F4E26EFC-A5E0-49B0-8224-782C7C26E05D}
	EndProjectSection
EndProject
Project("{8BC9CEB8-8B4A-11D0-8D11-00A0C91BC942}") = "ZERO_CHECK", ".\ZERO_CHECK.vcproj", "{F4E26EFC-A5E0-49B0-8224-782C7C26E05D}"
	ProjectSection(ProjectDependencies) = postProject
	EndProjectSection
EndProject
Project("{8BC9CEB8-8B4A-11D0-8D11-00A0C91BC942}") = "directionallight", ".\directionallight.vcproj", "{2E839F4D-1063-4EDC-9213-13961543CE70}"
	ProjectSection(ProjectDependencies) = postProject
		{F4E26EFC-A5E0-49B0-8224-782C7C26E05D} = {F4E26EFC-A5E0-49B0-8224-782C7C26E05D}
	EndProjectSection
EndProject
Project("{8BC9CEB8-8B4A-11D0-8D11-00A0C91BC942}") = "intod3d9", ".\intod3d9.vcproj", "{F02FCE05-347F-427B-B4EC-F7B7DE3A890A}"
	ProjectSection(ProjectDependencies) = postProject
		{F4E26EFC-A5E0-49B0-8224-782C7C26E05D} = {F4E26EFC-A5E0-49B0-8224-782C7C26E05D}
	EndProjectSection
EndProject
Project("{8BC9CEB8-8B4A-11D0-8D11-00A0C91BC942}") = "litpyramid", ".\litpyramid.vcproj", "{1473155D-2E56-440D-9A36-5AEB6636B305}"
	ProjectSection(ProjectDependencies) = postProject
		{F4E26EFC-A5E0-49B0-8224-782C7C26E05D} = {F4E26EFC-A5E0-49B0-8224-782C7C26E05D}
	EndProjectSection
EndProject
Project("{8BC9CEB8-8B4A-11D0-8D11-00A0C91BC942}") = "pointlight", ".\pointlight.vcproj", "{0926D37E-00EA-46CC-AA53-F5050268F4B8}"
	ProjectSection(ProjectDependencies) = postProject
		{F4E26EFC-A5E0-49B0-8224-782C7C26E05D} = {F4E26EFC-A5E0-49B0-8224-782C7C26E05D}
	EndProjectSection
EndProject
Project("{8BC9CEB8-8B4A-11D0-8D11-00A0C91BC942}") = "spotlight", ".\spotlight.vcproj", "{2303B5C8-4995-4152-AAAA-F1CAF3CB72A8}"
	ProjectSection(ProjectDependencies) = postProject
		{F4E26EFC-A5E0-49B0-8224-782C7C26E05D} = {F4E26EFC-A5E0-49B0-8224-782C7C26E05D}
	EndProjectSection
EndProject
Project("{8BC9CEB8-8B4A-11D0-8D11-00A0C91BC942}") = "texAlpha", ".\texAlpha.vcproj", "{C066C48A-8FCA-4078-BDB3-F76F84823088}"
	ProjectSection(ProjectDependencies) = postProject
		{F4E26EFC-A5E0-49B0-8224-782C7C26E05D} = {F4E26EFC-A5E0-49B0-8224-782C7C26E05D}
	EndProjectSection
EndProject
Global
	GlobalSection(SolutionConfigurationPlatforms) = preSolution
		Debug|Win32 = Debug|Win32
		Release|Win32 = Release|Win32
		MinSizeRel|Win32 = MinSizeRel|Win32
		RelWithDebInfo|Win32 = RelWithDebInfo|Win32
	EndGlobalSection
	GlobalSection(ProjectConfigurationPlatforms) = postSolution
		{EA2EF76E-AEBC-4560-B679-CF8382E94D01}.Debug|Win32.ActiveCfg = Debug|Win32
		{EA2EF76E-AEBC-4560-B679-CF8382E94D01}.Release|Win32.ActiveCfg = Release|Win32
		{EA2EF76E-AEBC-4560-B679-CF8382E94D01}.MinSizeRel|Win32.ActiveCfg = MinSizeRel|Win32
		{EA2EF76E-AEBC-4560-B679-CF8382E94D01}.RelWithDebInfo|Win32.ActiveCfg = RelWithDebInfo|Win32
		{C0A3E46A-7970-4B81-B7B8-088DD03A4F68}.Debug|Win32.ActiveCfg = Debug|Win32
		{C0A3E46A-7970-4B81-B7B8-088DD03A4F68}.Debug|Win32.Build.0 = Debug|Win32
		{C0A3E46A-7970-4B81-B7B8-088DD03A4F68}.Release|Win32.ActiveCfg = Release|Win32
		{C0A3E46A-7970-4B81-B7B8-088DD03A4F68}.Release|Win32.Build.0 = Release|Win32
		{C0A3E46A-7970-4B81-B7B8-088DD03A4F68}.MinSizeRel|Win32.ActiveCfg = MinSizeRel|Win32
		{C0A3E46A-7970-4B81-B7B8-088DD03A4F68}.MinSizeRel|Win32.Build.0 = MinSizeRel|Win32
		{C0A3E46A-7970-4B81-B7B8-088DD03A4F68}.RelWithDebInfo|Win32.ActiveCfg = RelWithDebInfo|Win32
		{C0A3E46A-7970-4B81-B7B8-088DD03A4F68}.RelWithDebInfo|Win32.Build.0 = RelWithDebInfo|Win32
		{AD548B00-1662-4C89-BB14-E1CABB702ECD}.Debug|Win32.ActiveCfg = Debug|Win32
		{AD548B00-1662-4C89-BB14-E1CABB702ECD}.Debug|Win32.Build.0 = Debug|Win32
		{AD548B00-1662-4C89-BB14-E1CABB702ECD}.Release|Win32.ActiveCfg = Release|Win32
		{AD548B00-1662-4C89-BB14-E1CABB702ECD}.Release|Win32.Build.0 = Release|Win32
		{AD548B00-1662-4C89-BB14-E1CABB702ECD}.MinSizeRel|Win32.ActiveCfg = MinSizeRel|Win32
		{AD548B00-1662-4C89-BB14-E1CABB702ECD}.MinSizeRel|Win32.Build.0 = MinSizeRel|Win32
		{AD548B00-1662-4C89-BB14-E1CABB702ECD}.RelWithDebInfo|Win32.ActiveCfg = RelWithDebInfo|Win32
		{AD548B00-1662-4C89-BB14-E1CABB702ECD}.RelWithDebInfo|Win32.Build.0 = RelWithDebInfo|Win32
		{792DECA6-24F2-42A8-B32B-DEA80082AD35}.Debug|Win32.ActiveCfg = Debug|Win32
		{792DECA6-24F2-42A8-B32B-DEA80082AD35}.Debug|Win32.Build.0 = Debug|Win32
		{792DECA6-24F2-42A8-B32B-DEA80082AD35}.Release|Win32.ActiveCfg = Release|Win32
		{792DECA6-24F2-42A8-B32B-DEA80082AD35}.Release|Win32.Build.0 = Release|Win32
		{792DECA6-24F2-42A8-B32B-DEA80082AD35}.MinSizeRel|Win32.ActiveCfg = MinSizeRel|Win32
		{792DECA6-24F2-42A8-B32B-DEA80082AD35}.MinSizeRel|Win32.Build.0 = MinSizeRel|Win32
		{792DECA6-24F2-42A8-B32B-DEA80082AD35}.RelWithDebInfo|Win32.ActiveCfg = RelWithDebInfo|Win32
		{792DECA6-24F2-42A8-B32B-DEA80082AD35}.RelWithDebInfo|Win32.Build.0 = RelWithDebInfo|Win32
		{85DC475D-88B7-49E5-A5AB-664EF3485258}.Debug|Win32.ActiveCfg = Debug|Win32
		{85DC475D-88B7-49E5-A5AB-664EF3485258}.Debug|Win32.Build.0 = Debug|Win32
		{85DC475D-88B7-49E5-A5AB-664EF3485258}.Release|Win32.ActiveCfg = Release|Win32
		{85DC475D-88B7-49E5-A5AB-664EF3485258}.Release|Win32.Build.0 = Release|Win32
		{85DC475D-88B7-49E5-A5AB-664EF3485258}.MinSizeRel|Win32.ActiveCfg = MinSizeRel|Win32
		{85DC475D-88B7-49E5-A5AB-664EF3485258}.MinSizeRel|Win32.Build.0 = MinSizeRel|Win32
		{85DC475D-88B7-49E5-A5AB-664EF3485258}.RelWithDebInfo|Win32.ActiveCfg = RelWithDebInfo|Win32
		{85DC475D-88B7-49E5-A5AB-664EF3485258}.RelWithDebInfo|Win32.Build.0 = RelWithDebInfo|Win32
		{48FBC609-CE7A-4EA8-AECC-8752736ED1D5}.Debug|Win32.ActiveCfg = Debug|Win32
		{48FBC609-CE7A-4EA8-AECC-8752736ED1D5}.Debug|Win32.Build.0 = Debug|Win32
		{48FBC609-CE7A-4EA8-AECC-8752736ED1D5}.Release|Win32.ActiveCfg = Release|Win32
		{48FBC609-CE7A-4EA8-AECC-8752736ED1D5}.Release|Win32.Build.0 = Release|Win32
		{48FBC609-CE7A-4EA8-AECC-8752736ED1D5}.MinSizeRel|Win32.ActiveCfg = MinSizeRel|Win32
		{48FBC609-CE7A-4EA8-AECC-8752736ED1D5}.MinSizeRel|Win32.Build.0 = MinSizeRel|Win32
		{48FBC609-CE7A-4EA8-AECC-8752736ED1D5}.RelWithDebInfo|Win32.ActiveCfg = RelWithDebInfo|Win32
		{48FBC609-CE7A-4EA8-AECC-8752736ED1D5}.RelWithDebInfo|Win32.Build.0 = RelWithDebInfo|Win32
		{67987E65-B4A0-4F0F-BCF4-6F5ACB6F0C45}.Debug|Win32.ActiveCfg = Debug|Win32
		{67987E65-B4A0-4F0F-BCF4-6F5ACB6F0C45}.Debug|Win32.Build.0 = Debug|Win32
		{67987E65-B4A0-4F0F-BCF4-6F5ACB6F0C45}.Release|Win32.ActiveCfg = Release|Win32
		{67987E65-B4A0-4F0F-BCF4-6F5ACB6F0C45}.Release|Win32.Build.0 = Release|Win32
		{67987E65-B4A0-4F0F-BCF4-6F5ACB6F0C45}.MinSizeRel|Win32.ActiveCfg = MinSizeRel|Win32
		{67987E65-B4A0-4F0F-BCF4-6F5ACB6F0C45}.MinSizeRel|Win32.Build.0 = MinSizeRel|Win32
		{67987E65-B4A0-4F0F-BCF4-6F5ACB6F0C45}.RelWithDebInfo|Win32.ActiveCfg = RelWithDebInfo|Win32
		{67987E65-B4A0-4F0F-BCF4-6F5ACB6F0C45}.RelWithDebInfo|Win32.Build.0 = RelWithDebInfo|Win32
		{55491E5F-0E8A-460F-B0CC-E6067A8DFCDB}.Debug|Win32.ActiveCfg = Debug|Win32
		{55491E5F-0E8A-460F-B0CC-E6067A8DFCDB}.Debug|Win32.Build.0 = Debug|Win32
		{55491E5F-0E8A-460F-B0CC-E6067A8DFCDB}.Release|Win32.ActiveCfg = Release|Win32
		{55491E5F-0E8A-460F-B0CC-E6067A8DFCDB}.Release|Win32.Build.0 = Release|Win32
		{55491E5F-0E8A-460F-B0CC-E6067A8DFCDB}.MinSizeRel|Win32.ActiveCfg = MinSizeRel|Win32
		{55491E5F-0E8A-460F-B0CC-E6067A8DFCDB}.MinSizeRel|Win32.Build.0 = MinSizeRel|Win32
		{55491E5F-0E8A-460F-B0CC-E6067A8DFCDB}.RelWithDebInfo|Win32.ActiveCfg = RelWithDebInfo|Win32
		{55491E5F-0E8A-460F-B0CC-E6067A8DFCDB}.RelWithDebInfo|Win32.Build.0 = RelWithDebInfo|Win32
		{C3BA5645-DAA7-4C0E-A9F7-073014F58E53}.Debug|Win32.ActiveCfg = Debug|Win32
		{C3BA5645-DAA7-4C0E-A9F7-073014F58E53}.Debug|Win32.Build.0 = Debug|Win32
		{C3BA5645-DAA7-4C0E-A9F7-073014F58E53}.Release|Win32.ActiveCfg = Release|Win32
		{C3BA5645-DAA7-4C0E-A9F7-073014F58E53}.Release|Win32.Build.0 = Release|Win32
		{C3BA5645-DAA7-4C0E-A9F7-073014F58E53}.MinSizeRel|Win32.ActiveCfg = MinSizeRel|Win32
		{C3BA5645-DAA7-4C0E-A9F7-073014F58E53}.MinSizeRel|Win32.Build.0 = MinSizeRel|Win32
		{C3BA5645-DAA7-4C0E-A9F7-073014F58E53}.RelWithDebInfo|Win32.ActiveCfg = RelWithDebInfo|Win32
		{C3BA5645-DAA7-4C0E-A9F7-073014F58E53}.RelWithDebInfo|Win32.Build.0 = RelWithDebInfo|Win32
		{D57BDFD4-37D4-426C-B784-2F66D4CF7999}.Debug|Win32.ActiveCfg = Debug|Win32
		{D57BDFD4-37D4-426C-B784-2F66D4CF7999}.Debug|Win32.Build.0 = Debug|Win32
		{D57BDFD4-37D4-426C-B784-2F66D4CF7999}.Release|Win32.ActiveCfg = Release|Win32
		{D57BDFD4-37D4-426C-B784-2F66D4CF7999}.Release|Win32.Build.0 = Release|Win32
		{D57BDFD4-37D4-426C-B784-2F66D4CF7999}.MinSizeRel|Win32.ActiveCfg = MinSizeRel|Win32
		{D57BDFD4-37D4-426C-B784-2F66D4CF7999}.MinSizeRel|Win32.Build.0 = MinSizeRel|Win32
		{D57BDFD4-37D4-426C-B784-2F66D4CF7999}.RelWithDebInfo|Win32.ActiveCfg = RelWithDebInfo|Win32
		{D57BDFD4-37D4-426C-B784-2F66D4CF7999}.RelWithDebInfo|Win32.Build.0 = RelWithDebInfo|Win32
		{24997F07-3E33-4DDA-8E4C-D50AD82E42C2}.Debug|Win32.ActiveCfg = Debug|Win32
		{24997F07-3E33-4DDA-8E4C-D50AD82E42C2}.Debug|Win32.Build.0 = Debug|Win32
		{24997F07-3E33-4DDA-8E4C-D50AD82E42C2}.Release|Win32.ActiveCfg = Release|Win32
		{24997F07-3E33-4DDA-8E4C-D50AD82E42C2}.Release|Win32.Build.0 = Release|Win32
		{24997F07-3E33-4DDA-8E4C-D50AD82E42C2}.MinSizeRel|Win32.ActiveCfg = MinSizeRel|Win32
		{24997F07-3E33-4DDA-8E4C-D50AD82E42C2}.MinSizeRel|Win32.Build.0 = MinSizeRel|Win32
		{24997F07-3E33-4DDA-8E4C-D50AD82E42C2}.RelWithDebInfo|Win32.ActiveCfg = RelWithDebInfo|Win32
		{24997F07-3E33-4DDA-8E4C-D50AD82E42C2}.RelWithDebInfo|Win32.Build.0 = RelWithDebInfo|Win32
		{5C349621-1EF3-4D2F-ADA0-56596409EFFF}.Debug|Win32.ActiveCfg = Debug|Win32
		{5C349621-1EF3-4D2F-ADA0-56596409EFFF}.Debug|Win32.Build.0 = Debug|Win32
		{5C349621-1EF3-4D2F-ADA0-56596409EFFF}.Release|Win32.ActiveCfg = Release|Win32
		{5C349621-1EF3-4D2F-ADA0-56596409EFFF}.Release|Win32.Build.0 = Release|Win32
		{5C349621-1EF3-4D2F-ADA0-56596409EFFF}.MinSizeRel|Win32.ActiveCfg = MinSizeRel|Win32
		{5C349621-1EF3-4D2F-ADA0-56596409EFFF}.MinSizeRel|Win32.Build.0 = MinSizeRel|Win32
		{5C349621-1EF3-4D2F-ADA0-56596409EFFF}.RelWithDebInfo|Win32.ActiveCfg = RelWithDebInfo|Win32
		{5C349621-1EF3-4D2F-ADA0-56596409EFFF}.RelWithDebInfo|Win32.Build.0 = RelWithDebInfo|Win32
		{4A580962-A0C6-4008-B0EA-9DCA693A44B7}.Debug|Win32.ActiveCfg = Debug|Win32
		{4A580962-A0C6-4008-B0EA-9DCA693A44B7}.Debug|Win32.Build.0 = Debug|Win32
		{4A580962-A0C6-4008-B0EA-9DCA693A44B7}.Release|Win32.ActiveCfg = Release|Win32
		{4A580962-A0C6-4008-B0EA-9DCA693A44B7}.Release|Win32.Build.0 = Release|Win32
		{4A580962-A0C6-4008-B0EA-9DCA693A44B7}.MinSizeRel|Win32.ActiveCfg = MinSizeRel|Win32
		{4A580962-A0C6-4008-B0EA-9DCA693A44B7}.MinSizeRel|Win32.Build.0 = MinSizeRel|Win32
		{4A580962-A0C6-4008-B0EA-9DCA693A44B7}.RelWithDebInfo|Win32.ActiveCfg = RelWithDebInfo|Win32
		{4A580962-A0C6-4008-B0EA-9DCA693A44B7}.RelWithDebInfo|Win32.Build.0 = RelWithDebInfo|Win32
		{3D6DC6DD-B4F5-499F-B2D1-9368B6B91911}.Debug|Win32.ActiveCfg = Debug|Win32
		{3D6DC6DD-B4F5-499F-B2D1-9368B6B91911}.Debug|Win32.Build.0 = Debug|Win32
		{3D6DC6DD-B4F5-499F-B2D1-9368B6B91911}.Release|Win32.ActiveCfg = Release|Win32
		{3D6DC6DD-B4F5-499F-B2D1-9368B6B91911}.Release|Win32.Build.0 = Release|Win32
		{3D6DC6DD-B4F5-499F-B2D1-9368B6B91911}.MinSizeRel|Win32.ActiveCfg = MinSizeRel|Win32
		{3D6DC6DD-B4F5-499F-B2D1-9368B6B91911}.MinSizeRel|Win32.Build.0 = MinSizeRel|Win32
		{3D6DC6DD-B4F5-499F-B2D1-9368B6B91911}.RelWithDebInfo|Win32.ActiveCfg = RelWithDebInfo|Win32
		{3D6DC6DD-B4F5-499F-B2D1-9368B6B91911}.RelWithDebInfo|Win32.Build.0 = RelWithDebInfo|Win32
		{33FF23EA-6F8A-4664-B5BC-B94B90CE2702}.Debug|Win32.ActiveCfg = Debug|Win32
		{33FF23EA-6F8A-4664-B5BC-B94B90CE2702}.Debug|Win32.Build.0 = Debug|Win32
		{33FF23EA-6F8A-4664-B5BC-B94B90CE2702}.Release|Win32.ActiveCfg = Release|Win32
		{33FF23EA-6F8A-4664-B5BC-B94B90CE2702}.Release|Win32.Build.0 = Release|Win32
		{33FF23EA-6F8A-4664-B5BC-B94B90CE2702}.MinSizeRel|Win32.ActiveCfg = MinSizeRel|Win32
		{33FF23EA-6F8A-4664-B5BC-B94B90CE2702}.MinSizeRel|Win32.Build.0 = MinSizeRel|Win32
		{33FF23EA-6F8A-4664-B5BC-B94B90CE2702}.RelWithDebInfo|Win32.ActiveCfg = RelWithDebInfo|Win32
		{33FF23EA-6F8A-4664-B5BC-B94B90CE2702}.RelWithDebInfo|Win32.Build.0 = RelWithDebInfo|Win32
		{2250DBDB-1F33-47E8-A228-034B79748407}.Debug|Win32.ActiveCfg = Debug|Win32
		{2250DBDB-1F33-47E8-A228-034B79748407}.Debug|Win32.Build.0 = Debug|Win32
		{2250DBDB-1F33-47E8-A228-034B79748407}.Release|Win32.ActiveCfg = Release|Win32
		{2250DBDB-1F33-47E8-A228-034B79748407}.Release|Win32.Build.0 = Release|Win32
		{2250DBDB-1F33-47E8-A228-034B79748407}.MinSizeRel|Win32.ActiveCfg = MinSizeRel|Win32
		{2250DBDB-1F33-47E8-A228-034B79748407}.MinSizeRel|Win32.Build.0 = MinSizeRel|Win32
		{2250DBDB-1F33-47E8-A228-034B79748407}.RelWithDebInfo|Win32.ActiveCfg = RelWithDebInfo|Win32
		{2250DBDB-1F33-47E8-A228-034B79748407}.RelWithDebInfo|Win32.Build.0 = RelWithDebInfo|Win32
		{636DCE08-B2FB-41B9-B842-9A53069B79DD}.Debug|Win32.ActiveCfg = Debug|Win32
		{636DCE08-B2FB-41B9-B842-9A53069B79DD}.Debug|Win32.Build.0 = Debug|Win32
		{636DCE08-B2FB-41B9-B842-9A53069B79DD}.Release|Win32.ActiveCfg = Release|Win32
		{636DCE08-B2FB-41B9-B842-9A53069B79DD}.Release|Win32.Build.0 = Release|Win32
		{636DCE08-B2FB-41B9-B842-9A53069B79DD}.MinSizeRel|Win32.ActiveCfg = MinSizeRel|Win32
		{636DCE08-B2FB-41B9-B842-9A53069B79DD}.MinSizeRel|Win32.Build.0 = MinSizeRel|Win32
		{636DCE08-B2FB-41B9-B842-9A53069B79DD}.RelWithDebInfo|Win32.ActiveCfg = RelWithDebInfo|Win32
		{636DCE08-B2FB-41B9-B842-9A53069B79DD}.RelWithDebInfo|Win32.Build.0 = RelWithDebInfo|Win32
		{1CECC1A4-2C22-4EE5-8562-C3AACD5351D3}.Debug|Win32.ActiveCfg = Debug|Win32
		{1CECC1A4-2C22-4EE5-8562-C3AACD5351D3}.Debug|Win32.Build.0 = Debug|Win32
		{1CECC1A4-2C22-4EE5-8562-C3AACD5351D3}.Release|Win32.ActiveCfg = Release|Win32
		{1CECC1A4-2C22-4EE5-8562-C3AACD5351D3}.Release|Win32.Build.0 = Release|Win32
		{1CECC1A4-2C22-4EE5-8562-C3AACD5351D3}.MinSizeRel|Win32.ActiveCfg = MinSizeRel|Win32
		{1CECC1A4-2C22-4EE5-8562-C3AACD5351D3}.MinSizeRel|Win32.Build.0 = MinSizeRel|Win32
		{1CECC1A4-2C22-4EE5-8562-C3AACD5351D3}.RelWithDebInfo|Win32.ActiveCfg = RelWithDebInfo|Win32
		{1CECC1A4-2C22-4EE5-8562-C3AACD5351D3}.RelWithDebInfo|Win32.Build.0 = RelWithDebInfo|Win32
		{0791C7D1-F5F7-4EF8-8129-33056B406B2B}.Debug|Win32.ActiveCfg = Debug|Win32
		{0791C7D1-F5F7-4EF8-8129-33056B406B2B}.Debug|Win32.Build.0 = Debug|Win32
		{0791C7D1-F5F7-4EF8-8129-33056B406B2B}.Release|Win32.ActiveCfg = Release|Win32
		{0791C7D1-F5F7-4EF8-8129-33056B406B2B}.Release|Win32.Build.0 = Release|Win32
		{0791C7D1-F5F7-4EF8-8129-33056B406B2B}.MinSizeRel|Win32.ActiveCfg = MinSizeRel|Win32
		{0791C7D1-F5F7-4EF8-8129-33056B406B2B}.MinSizeRel|Win32.Build.0 = MinSizeRel|Win32
		{0791C7D1-F5F7-4EF8-8129-33056B406B2B}.RelWithDebInfo|Win32.ActiveCfg = RelWithDebInfo|Win32
		{0791C7D1-F5F7-4EF8-8129-33056B406B2B}.RelWithDebInfo|Win32.Build.0 = RelWithDebInfo|Win32
		{607CE31C-8C00-4F85-B619-9566A5AC22F0}.Debug|Win32.ActiveCfg = Debug|Win32
		{607CE31C-8C00-4F85-B619-9566A5AC22F0}.Debug|Win32.Build.0 = Debug|Win32
		{607CE31C-8C00-4F85-B619-9566A5AC22F0}.Release|Win32.ActiveCfg = Release|Win32
		{607CE31C-8C00-4F85-B619-9566A5AC22F0}.Release|Win32.Build.0 = Release|Win32
		{607CE31C-8C00-4F85-B619-9566A5AC22F0}.MinSizeRel|Win32.ActiveCfg = MinSizeRel|Win32
		{607CE31C-8C00-4F85-B619-9566A5AC22F0}.MinSizeRel|Win32.Build.0 = MinSizeRel|Win32
		{607CE31C-8C00-4F85-B619-9566A5AC22F0}.RelWithDebInfo|Win32.ActiveCfg = RelWithDebInfo|Win32
		{607CE31C-8C00-4F85-B619-9566A5AC22F0}.RelWithDebInfo|Win32.Build.0 = RelWithDebInfo|Win32
		{0FD3D034-5CFB-45DA-AB3B-13F9B852887C}.Debug|Win32.ActiveCfg = Debug|Win32
		{0FD3D034-5CFB-45DA-AB3B-13F9B852887C}.Debug|Win32.Build.0 = Debug|Win32
		{0FD3D034-5CFB-45DA-AB3B-13F9B852887C}.Release|Win32.ActiveCfg = Release|Win32
		{0FD3D034-5CFB-45DA-AB3B-13F9B852887C}.Release|Win32.Build.0 = Release|Win32
		{0FD3D034-5CFB-45DA-AB3B-13F9B852887C}.MinSizeRel|Win32.ActiveCfg = MinSizeRel|Win32
		{0FD3D034-5CFB-45DA-AB3B-13F9B852887C}.MinSizeRel|Win32.Build.0 = MinSizeRel|Win32
		{0FD3D034-5CFB-45DA-AB3B-13F9B852887C}.RelWithDebInfo|Win32.ActiveCfg = RelWithDebInfo|Win32
		{0FD3D034-5CFB-45DA-AB3B-13F9B852887C}.RelWithDebInfo|Win32.Build.0 = RelWithDebInfo|Win32
		{E26BFB9A-B42B-4058-8392-BB1DA72527A1}.Debug|Win32.ActiveCfg = Debug|Win32
		{E26BFB9A-B42B-4058-8392-BB1DA72527A1}.Debug|Win32.Build.0 = Debug|Win32
		{E26BFB9A-B42B-4058-8392-BB1DA72527A1}.Release|Win32.ActiveCfg = Release|Win32
		{E26BFB9A-B42B-4058-8392-BB1DA72527A1}.Release|Win32.Build.0 = Release|Win32
		{E26BFB9A-B42B-4058-8392-BB1DA72527A1}.MinSizeRel|Win32.ActiveCfg = MinSizeRel|Win32
		{E26BFB9A-B42B-4058-8392-BB1DA72527A1}.MinSizeRel|Win32.Build.0 = MinSizeRel|Win32
		{E26BFB9A-B42B-4058-8392-BB1DA72527A1}.RelWithDebInfo|Win32.ActiveCfg = RelWithDebInfo|Win32
		{E26BFB9A-B42B-4058-8392-BB1DA72527A1}.RelWithDebInfo|Win32.Build.0 = RelWithDebInfo|Win32
		{CDCB8A11-E6B5-4322-A0AC-C9DCF28ABEEC}.Debug|Win32.ActiveCfg = Debug|Win32
		{CDCB8A11-E6B5-4322-A0AC-C9DCF28ABEEC}.Debug|Win32.Build.0 = Debug|Win32
		{CDCB8A11-E6B5-4322-A0AC-C9DCF28ABEEC}.Release|Win32.ActiveCfg = Release|Win32
		{CDCB8A11-E6B5-4322-A0AC-C9DCF28ABEEC}.Release|Win32.Build.0 = Release|Win32
		{CDCB8A11-E6B5-4322-A0AC-C9DCF28ABEEC}.MinSizeRel|Win32.ActiveCfg = MinSizeRel|Win32
		{CDCB8A11-E6B5-4322-A0AC-C9DCF28ABEEC}.MinSizeRel|Win32.Build.0 = MinSizeRel|Win32
		{CDCB8A11-E6B5-4322-A0AC-C9DCF28ABEEC}.RelWithDebInfo|Win32.ActiveCfg = RelWithDebInfo|Win32
		{CDCB8A11-E6B5-4322-A0AC-C9DCF28ABEEC}.RelWithDebInfo|Win32.Build.0 = RelWithDebInfo|Win32
		{8F4FBAA8-A2E3-4374-9F97-795E76F404FC}.Debug|Win32.ActiveCfg = Debug|Win32
		{8F4FBAA8-A2E3-4374-9F97-795E76F404FC}.Debug|Win32.Build.0 = Debug|Win32
		{8F4FBAA8-A2E3-4374-9F97-795E76F404FC}.Release|Win32.ActiveCfg = Release|Win32
		{8F4FBAA8-A2E3-4374-9F97-795E76F404FC}.Release|Win32.Build.0 = Release|Win32
		{8F4FBAA8-A2E3-4374-9F97-795E76F404FC}.MinSizeRel|Win32.ActiveCfg = MinSizeRel|Win32
		{8F4FBAA8-A2E3-4374-9F97-795E76F404FC}.MinSizeRel|Win32.Build.0 = MinSizeRel|Win32
		{8F4FBAA8-A2E3-4374-9F97-795E76F404FC}.RelWithDebInfo|Win32.ActiveCfg = RelWithDebInfo|Win32
		{8F4FBAA8-A2E3-4374-9F97-795E76F404FC}.RelWithDebInfo|Win32.Build.0 = RelWithDebInfo|Win32
		{FCFCD8E2-0642-4A04-B22C-D52C42855E13}.Debug|Win32.ActiveCfg = Debug|Win32
		{FCFCD8E2-0642-4A04-B22C-D52C42855E13}.Debug|Win32.Build.0 = Debug|Win32
		{FCFCD8E2-0642-4A04-B22C-D52C42855E13}.Release|Win32.ActiveCfg = Release|Win32
		{FCFCD8E2-0642-4A04-B22C-D52C42855E13}.Release|Win32.Build.0 = Release|Win32
		{FCFCD8E2-0642-4A04-B22C-D52C42855E13}.MinSizeRel|Win32.ActiveCfg = MinSizeRel|Win32
		{FCFCD8E2-0642-4A04-B22C-D52C42855E13}.MinSizeRel|Win32.Build.0 = MinSizeRel|Win32
		{FCFCD8E2-0642-4A04-B22C-D52C42855E13}.RelWithDebInfo|Win32.ActiveCfg = RelWithDebInfo|Win32
		{FCFCD8E2-0642-4A04-B22C-D52C42855E13}.RelWithDebInfo|Win32.Build.0 = RelWithDebInfo|Win32
		{189F0F0E-A9EA-4310-8352-F0D3481741DF}.Debug|Win32.ActiveCfg = Debug|Win32
		{189F0F0E-A9EA-4310-8352-F0D3481741DF}.Debug|Win32.Build.0 = Debug|Win32
		{189F0F0E-A9EA-4310-8352-F0D3481741DF}.Release|Win32.ActiveCfg = Release|Win32
		{189F0F0E-A9EA-4310-8352-F0D3481741DF}.Release|Win32.Build.0 = Release|Win32
		{189F0F0E-A9EA-4310-8352-F0D3481741DF}.MinSizeRel|Win32.ActiveCfg = MinSizeRel|Win32
		{189F0F0E-A9EA-4310-8352-F0D3481741DF}.MinSizeRel|Win32.Build.0 = MinSizeRel|Win32
		{189F0F0E-A9EA-4310-8352-F0D3481741DF}.RelWithDebInfo|Win32.ActiveCfg = RelWithDebInfo|Win32
		{189F0F0E-A9EA-4310-8352-F0D3481741DF}.RelWithDebInfo|Win32.Build.0 = RelWithDebInfo|Win32
		{5DC98BFC-4DE7-48B3-9B9D-0AE129CEBF2F}.Debug|Win32.ActiveCfg = Debug|Win32
		{5DC98BFC-4DE7-48B3-9B9D-0AE129CEBF2F}.Debug|Win32.Build.0 = Debug|Win32
		{5DC98BFC-4DE7-48B3-9B9D-0AE129CEBF2F}.Release|Win32.ActiveCfg = Release|Win32
		{5DC98BFC-4DE7-48B3-9B9D-0AE129CEBF2F}.Release|Win32.Build.0 = Release|Win32
		{5DC98BFC-4DE7-48B3-9B9D-0AE129CEBF2F}.MinSizeRel|Win32.ActiveCfg = MinSizeRel|Win32
		{5DC98BFC-4DE7-48B3-9B9D-0AE129CEBF2F}.MinSizeRel|Win32.Build.0 = MinSizeRel|Win32
		{5DC98BFC-4DE7-48B3-9B9D-0AE129CEBF2F}.RelWithDebInfo|Win32.ActiveCfg = RelWithDebInfo|Win32
		{5DC98BFC-4DE7-48B3-9B9D-0AE129CEBF2F}.RelWithDebInfo|Win32.Build.0 = RelWithDebInfo|Win32
		{9780D537-C68B-4885-8921-8A4532C60D35}.Debug|Win32.ActiveCfg = Debug|Win32
		{9780D537-C68B-4885-8921-8A4532C60D35}.Debug|Win32.Build.0 = Debug|Win32
		{9780D537-C68B-4885-8921-8A4532C60D35}.Release|Win32.ActiveCfg = Release|Win32
		{9780D537-C68B-4885-8921-8A4532C60D35}.Release|Win32.Build.0 = Release|Win32
		{9780D537-C68B-4885-8921-8A4532C60D35}.MinSizeRel|Win32.ActiveCfg = MinSizeRel|Win32
		{9780D537-C68B-4885-8921-8A4532C60D35}.MinSizeRel|Win32.Build.0 = MinSizeRel|Win32
		{9780D537-C68B-4885-8921-8A4532C60D35}.RelWithDebInfo|Win32.ActiveCfg = RelWithDebInfo|Win32
		{9780D537-C68B-4885-8921-8A4532C60D35}.RelWithDebInfo|Win32.Build.0 = RelWithDebInfo|Win32
		{F56A3565-2DA9-4847-8DA5-97712FE7077B}.Debug|Win32.ActiveCfg = Debug|Win32
		{F56A3565-2DA9-4847-8DA5-97712FE7077B}.Debug|Win32.Build.0 = Debug|Win32
		{F56A3565-2DA9-4847-8DA5-97712FE7077B}.Release|Win32.ActiveCfg = Release|Win32
		{F56A3565-2DA9-4847-8DA5-97712FE7077B}.Release|Win32.Build.0 = Release|Win32
		{F56A3565-2DA9-4847-8DA5-97712FE7077B}.MinSizeRel|Win32.ActiveCfg = MinSizeRel|Win32
		{F56A3565-2DA9-4847-8DA5-97712FE7077B}.MinSizeRel|Win32.Build.0 = MinSizeRel|Win32
		{F56A3565-2DA9-4847-8DA5-97712FE7077B}.RelWithDebInfo|Win32.ActiveCfg = RelWithDebInfo|Win32
		{F56A3565-2DA9-4847-8DA5-97712FE7077B}.RelWithDebInfo|Win32.Build.0 = RelWithDebInfo|Win32
		{B0E968F2-D6B2-4017-8883-79456B50DE75}.Debug|Win32.ActiveCfg = Debug|Win32
		{B0E968F2-D6B2-4017-8883-79456B50DE75}.Debug|Win32.Build.0 = Debug|Win32
		{B0E968F2-D6B2-4017-8883-79456B50DE75}.Release|Win32.ActiveCfg = Release|Win32
		{B0E968F2-D6B2-4017-8883-79456B50DE75}.Release|Win32.Build.0 = Release|Win32
		{B0E968F2-D6B2-4017-8883-79456B50DE75}.MinSizeRel|Win32.ActiveCfg = MinSizeRel|Win32
		{B0E968F2-D6B2-4017-8883-79456B50DE75}.MinSizeRel|Win32.Build.0 = MinSizeRel|Win32
		{B0E968F2-D6B2-4017-8883-79456B50DE75}.RelWithDebInfo|Win32.ActiveCfg = RelWithDebInfo|Win32
		{B0E968F2-D6B2-4017-8883-79456B50DE75}.RelWithDebInfo|Win32.Build.0 = RelWithDebInfo|Win32
		{C39C224D-5B27-4EAF-9AA2-77E958FCBB1E}.Debug|Win32.ActiveCfg = Debug|Win32
		{C39C224D-5B27-4EAF-9AA2-77E958FCBB1E}.Debug|Win32.Build.0 = Debug|Win32
		{C39C224D-5B27-4EAF-9AA2-77E958FCBB1E}.Release|Win32.ActiveCfg = Release|Win32
		{C39C224D-5B27-4EAF-9AA2-77E958FCBB1E}.Release|Win32.Build.0 = Release|Win32
		{C39C224D-5B27-4EAF-9AA2-77E958FCBB1E}.MinSizeRel|Win32.ActiveCfg = MinSizeRel|Win32
		{C39C224D-5B27-4EAF-9AA2-77E958FCBB1E}.MinSizeRel|Win32.Build.0 = MinSizeRel|Win32
		{C39C224D-5B27-4EAF-9AA2-77E958FCBB1E}.RelWithDebInfo|Win32.ActiveCfg = RelWithDebInfo|Win32
		{C39C224D-5B27-4EAF-9AA2-77E958FCBB1E}.RelWithDebInfo|Win32.Build.0 = RelWithDebInfo|Win32
		{D422053B-AECD-490E-A0D5-82A243429279}.Debug|Win32.ActiveCfg = Debug|Win32
		{D422053B-AECD-490E-A0D5-82A243429279}.Debug|Win32.Build.0 = Debug|Win32
		{D422053B-AECD-490E-A0D5-82A243429279}.Release|Win32.ActiveCfg = Release|Win32
		{D422053B-AECD-490E-A0D5-82A243429279}.Release|Win32.Build.0 = Release|Win32
		{D422053B-AECD-490E-A0D5-82A243429279}.MinSizeRel|Win32.ActiveCfg = MinSizeRel|Win32
		{D422053B-AECD-490E-A0D5-82A243429279}.MinSizeRel|Win32.Build.0 = MinSizeRel|Win32
		{D422053B-AECD-490E-A0D5-82A243429279}.RelWithDebInfo|Win32.ActiveCfg = RelWithDebInfo|Win32
		{D422053B-AECD-490E-A0D5-82A243429279}.RelWithDebInfo|Win32.Build.0 = RelWithDebInfo|Win32
		{1D8BF4E6-EF27-49BE-9C75-27938E5151D1}.Debug|Win32.ActiveCfg = Debug|Win32
		{1D8BF4E6-EF27-49BE-9C75-27938E5151D1}.Debug|Win32.Build.0 = Debug|Win32
		{1D8BF4E6-EF27-49BE-9C75-27938E5151D1}.Release|Win32.ActiveCfg = Release|Win32
		{1D8BF4E6-EF27-49BE-9C75-27938E5151D1}.Release|Win32.Build.0 = Release|Win32
		{1D8BF4E6-EF27-49BE-9C75-27938E5151D1}.MinSizeRel|Win32.ActiveCfg = MinSizeRel|Win32
		{1D8BF4E6-EF27-49BE-9C75-27938E5151D1}.MinSizeRel|Win32.Build.0 = MinSizeRel|Win32
		{1D8BF4E6-EF27-49BE-9C75-27938E5151D1}.RelWithDebInfo|Win32.ActiveCfg = RelWithDebInfo|Win32
		{1D8BF4E6-EF27-49BE-9C75-27938E5151D1}.RelWithDebInfo|Win32.Build.0 = RelWithDebInfo|Win32
		{BD071FFE-1B54-4719-AB5D-33410B6D5E27}.Debug|Win32.ActiveCfg = Debug|Win32
		{BD071FFE-1B54-4719-AB5D-33410B6D5E27}.Debug|Win32.Build.0 = Debug|Win32
		{BD071FFE-1B54-4719-AB5D-33410B6D5E27}.Release|Win32.ActiveCfg = Release|Win32
		{BD071FFE-1B54-4719-AB5D-33410B6D5E27}.Release|Win32.Build.0 = Release|Win32
		{BD071FFE-1B54-4719-AB5D-33410B6D5E27}.MinSizeRel|Win32.ActiveCfg = MinSizeRel|Win32
		{BD071FFE-1B54-4719-AB5D-33410B6D5E27}.MinSizeRel|Win32.Build.0 = MinSizeRel|Win32
		{BD071FFE-1B54-4719-AB5D-33410B6D5E27}.RelWithDebInfo|Win32.ActiveCfg = RelWithDebInfo|Win32
		{BD071FFE-1B54-4719-AB5D-33410B6D5E27}.RelWithDebInfo|Win32.Build.0 = RelWithDebInfo|Win32
		{4238E5AA-E3B7-415B-8339-6C6CD588DF42}.Debug|Win32.ActiveCfg = Debug|Win32
		{4238E5AA-E3B7-415B-8339-6C6CD588DF42}.Debug|Win32.Build.0 = Debug|Win32
		{4238E5AA-E3B7-415B-8339-6C6CD588DF42}.Release|Win32.ActiveCfg = Release|Win32
		{4238E5AA-E3B7-415B-8339-6C6CD588DF42}.Release|Win32.Build.0 = Release|Win32
		{4238E5AA-E3B7-415B-8339-6C6CD588DF42}.MinSizeRel|Win32.ActiveCfg = MinSizeRel|Win32
		{4238E5AA-E3B7-415B-8339-6C6CD588DF42}.MinSizeRel|Win32.Build.0 = MinSizeRel|Win32
		{4238E5AA-E3B7-415B-8339-6C6CD588DF42}.RelWithDebInfo|Win32.ActiveCfg = RelWithDebInfo|Win32
		{4238E5AA-E3B7-415B-8339-6C6CD588DF42}.RelWithDebInfo|Win32.Build.0 = RelWithDebInfo|Win32
		{F4E26EFC-A5E0-49B0-8224-782C7C26E05D}.Debug|Win32.ActiveCfg = Debug|Win32
		{F4E26EFC-A5E0-49B0-8224-782C7C26E05D}.Debug|Win32.Build.0 = Debug|Win32
		{F4E26EFC-A5E0-49B0-8224-782C7C26E05D}.Release|Win32.ActiveCfg = Release|Win32
		{F4E26EFC-A5E0-49B0-8224-782C7C26E05D}.Release|Win32.Build.0 = Release|Win32
		{F4E26EFC-A5E0-49B0-8224-782C7C26E05D}.MinSizeRel|Win32.ActiveCfg = MinSizeRel|Win32
		{F4E26EFC-A5E0-49B0-8224-782C7C26E05D}.MinSizeRel|Win32.Build.0 = MinSizeRel|Win32
		{F4E26EFC-A5E0-49B0-8224-782C7C26E05D}.RelWithDebInfo|Win32.ActiveCfg = RelWithDebInfo|Win32
		{F4E26EFC-A5E0-49B0-8224-782C7C26E05D}.RelWithDebInfo|Win32.Build.0 = RelWithDebInfo|Win32
		{2E839F4D-1063-4EDC-9213-13961543CE70}.Debug|Win32.ActiveCfg = Debug|Win32
		{2E839F4D-1063-4EDC-9213-13961543CE70}.Debug|Win32.Build.0 = Debug|Win32
		{2E839F4D-1063-4EDC-9213-13961543CE70}.Release|Win32.ActiveCfg = Release|Win32
		{2E839F4D-1063-4EDC-9213-13961543CE70}.Release|Win32.Build.0 = Release|Win32
		{2E839F4D-1063-4EDC-9213-13961543CE70}.MinSizeRel|Win32.ActiveCfg = MinSizeRel|Win32
		{2E839F4D-1063-4EDC-9213-13961543CE70}.MinSizeRel|Win32.Build.0 = MinSizeRel|Win32
		{2E839F4D-1063-4EDC-9213-13961543CE70}.RelWithDebInfo|Win32.ActiveCfg = RelWithDebInfo|Win32
		{2E839F4D-1063-4EDC-9213-13961543CE70}.RelWithDebInfo|Win32.Build.0 = RelWithDebInfo|Win32
		{F02FCE05-347F-427B-B4EC-F7B7DE3A890A}.Debug|Win32.ActiveCfg = Debug|Win32
		{F02FCE05-347F-427B-B4EC-F7B7DE3A890A}.Debug|Win32.Build.0 = Debug|Win32
		{F02FCE05-347F-427B-B4EC-F7B7DE3A890A}.Release|Win32.ActiveCfg = Release|Win32
		{F02FCE05-347F-427B-B4EC-F7B7DE3A890A}.Release|Win32.Build.0 = Release|Win32
		{F02FCE05-347F-427B-B4EC-F7B7DE3A890A}.MinSizeRel|Win32.ActiveCfg = MinSizeRel|Win32
		{F02FCE05-347F-427B-B4EC-F7B7DE3A890A}.MinSizeRel|Win32.Build.0 = MinSizeRel|Win32
		{F02FCE05-347F-427B-B4EC-F7B7DE3A890A}.RelWithDebInfo|Win32.ActiveCfg = RelWithDebInfo|Win32
		{F02FCE05-347F-427B-B4EC-F7B7DE3A890A}.RelWithDebInfo|Win32.Build.0 = RelWithDebInfo|Win32
		{1473155D-2E56-440D-9A36-5AEB6636B305}.Debug|Win32.ActiveCfg = Debug|Win32
		{1473155D-2E56-440D-9A36-5AEB6636B305}.Debug|Win32.Build.0 = Debug|Win32
		{1473155D-2E56-440D-9A36-5AEB6636B305}.Release|Win32.ActiveCfg = Release|Win32
		{1473155D-2E56-440D-9A36-5AEB6636B305}.Release|Win32.Build.0 = Release|Win32
		{1473155D-2E56-440D-9A36-5AEB6636B305}.MinSizeRel|Win32.ActiveCfg = MinSizeRel|Win32
		{1473155D-2E56-440D-9A36-5AEB6636B305}.MinSizeRel|Win32.Build.0 = MinSizeRel|Win32
		{1473155D-2E56-440D-9A36-5AEB6636B305}.RelWithDebInfo|Win32.ActiveCfg = RelWithDebInfo|Win32
		{1473155D-2E56-440D-9A36-5AEB6636B305}.RelWithDebInfo|Win32.Build.0 = RelWithDebInfo|Win32
		{0926D37E-00EA-46CC-AA53-F5050268F4B8}.Debug|Win32.ActiveCfg = Debug|Win32
		{0926D37E-00EA-46CC-AA53-F5050268F4B8}.Debug|Win32.Build.0 = Debug|Win32
		{0926D37E-00EA-46CC-AA53-F5050268F4B8}.Release|Win32.ActiveCfg = Release|Win32
		{0926D37E-00EA-46CC-AA53-F5050268F4B8}.Release|Win32.Build.0 = Release|Win32
		{0926D37E-00EA-46CC-AA53-F5050268F4B8}.MinSizeRel|Win32.ActiveCfg = MinSizeRel|Win32
		{0926D37E-00EA-46CC-AA53-F5050268F4B8}.MinSizeRel|Win32.Build.0 = MinSizeRel|Win32
		{0926D37E-00EA-46CC-AA53-F5050268F4B8}.RelWithDebInfo|Win32.ActiveCfg = RelWithDebInfo|Win32
		{0926D37E-00EA-46CC-AA53-F5050268F4B8}.RelWithDebInfo|Win32.Build.0 = RelWithDebInfo|Win32
		{2303B5C8-4995-4152-AAAA-F1CAF3CB72A8}.Debug|Win32.ActiveCfg = Debug|Win32
		{2303B5C8-4995-4152-AAAA-F1CAF3CB72A8}.Debug|Win32.Build.0 = Debug|Win32
		{2303B5C8-4995-4152-AAAA-F1CAF3CB72A8}.Release|Win32.ActiveCfg = Release|Win32
		{2303B5C8-4995-4152-AAAA-F1CAF3CB72A8}.Release|Win32.Build.0 = Release|Win32
		{2303B5C8-4995-4152-AAAA-F1CAF3CB72A8}.MinSizeRel|Win32.ActiveCfg = MinSizeRel|Win32
		{2303B5C8-4995-4152-AAAA-F1CAF3CB72A8}.MinSizeRel|Win32.Build.0 = MinSizeRel|Win32
		{2303B5C8-4995-4152-AAAA-F1CAF3CB72A8}.RelWithDebInfo|Win32.ActiveCfg = RelWithDebInfo|Win32
		{2303B5C8-4995-4152-AAAA-F1CAF3CB72A8}.RelWithDebInfo|Win32.Build.0 = RelWithDebInfo|Win32
		{C066C48A-8FCA-4078-BDB3-F76F84823088}.Debug|Win32.ActiveCfg = Debug|Win32
		{C066C48A-8FCA-4078-BDB3-F76F84823088}.Debug|Win32.Build.0 = Debug|Win32
		{C066C48A-8FCA-4078-BDB3-F76F84823088}.Release|Win32.ActiveCfg = Release|Win32
		{C066C48A-8FCA-4078-BDB3-F76F84823088}.Release|Win32.Build.0 = Release|Win32
		{C066C48A-8FCA-4078-BDB3-F76F84823088}.MinSizeRel|Win32.ActiveCfg = MinSizeRel|Win32
		{C066C48A-8FCA-4078-BDB3-F76F84823088}.MinSizeRel|Win32.Build.0 = MinSizeRel|Win32
		{C066C48A-8FCA-4078-BDB3-F76F84823088}.RelWithDebInfo|Win32.ActiveCfg = RelWithDebInfo|Win32
		{C066C48A-8FCA-4078-BDB3-F76F84823088}.RelWithDebInfo|Win32.Build.0 = RelWithDebInfo|Win32
	EndGlobalSection
	GlobalSection(ExtensibilityGlobals) = postSolution
	EndGlobalSection
	GlobalSection(ExtensibilityAddIns) = postSolution
	EndGlobalSection
EndGlobal
